
Microsoft Visual Studio Solution File, Format Version 12.00
# Visual Studio 14
VisualStudioVersion = 14.0.25420.1
MinimumVisualStudioVersion = 10.0.40219.1
Project("{FAE04EC0-301F-11D3-BF4B-00C04F79EFBC}") = "Iwenli.WeiXin.Robot", "Iwenli.WeiXin.Robot\Iwenli.WeiXin.Robot.csproj", "{C62B9D66-DD70-4A7D-B2B1-6609031F2D57}"
EndProject
Project("{FAE04EC0-301F-11D3-BF4B-00C04F79EFBC}") = "Iwenli.WeiXin.Robot.Web", "Iwenli.WeiXin.Robot.Web\Iwenli.WeiXin.Robot.Web.csproj", "{1592C144-E7A1-45A0-BAE6-29C610A1136B}"
EndProject
Project("{FAE04EC0-301F-11D3-BF4B-00C04F79EFBC}") = "Iwenli.WeiXin.Robot.Test", "Iwenli.WeiXin.Robot.Test\Iwenli.WeiXin.Robot.Test.csproj", "{25A90C15-D68F-411F-A559-87FFAE782785}"
EndProject
Global
	GlobalSection(SolutionConfigurationPlatforms) = preSolution
		Debug|Any CPU = Debug|Any CPU
		Debug|Mixed Platforms = Debug|Mixed Platforms
		Debug|x86 = Debug|x86
		Release|Any CPU = Release|Any CPU
		Release|Mixed Platforms = Release|Mixed Platforms
		Release|x86 = Release|x86
	EndGlobalSection
	GlobalSection(ProjectConfigurationPlatforms) = postSolution
		{C62B9D66-DD70-4A7D-B2B1-6609031F2D57}.Debug|Any CPU.ActiveCfg = Debug|Any CPU
		{C62B9D66-DD70-4A7D-B2B1-6609031F2D57}.Debug|Any CPU.Build.0 = Debug|Any CPU
		{C62B9D66-DD70-4A7D-B2B1-6609031F2D57}.Debug|Mixed Platforms.ActiveCfg = Debug|Any CPU
		{C62B9D66-DD70-4A7D-B2B1-6609031F2D57}.Debug|Mixed Platforms.Build.0 = Debug|Any CPU
		{C62B9D66-DD70-4A7D-B2B1-6609031F2D57}.Debug|x86.ActiveCfg = Debug|Any CPU
		{C62B9D66-DD70-4A7D-B2B1-6609031F2D57}.Release|Any CPU.ActiveCfg = Release|Any CPU
		{C62B9D66-DD70-4A7D-B2B1-6609031F2D57}.Release|Any CPU.Build.0 = Release|Any CPU
		{C62B9D66-DD70-4A7D-B2B1-6609031F2D57}.Release|Mixed Platforms.ActiveCfg = Release|Any CPU
		{C62B9D66-DD70-4A7D-B2B1-6609031F2D57}.Release|Mixed Platforms.Build.0 = Release|Any CPU
		{C62B9D66-DD70-4A7D-B2B1-6609031F2D57}.Release|x86.ActiveCfg = Release|Any CPU
		{1592C144-E7A1-45A0-BAE6-29C610A1136B}.Debug|Any CPU.ActiveCfg = Debug|Any CPU
		{1592C144-E7A1-45A0-BAE6-29C610A1136B}.Debug|Any CPU.Build.0 = Debug|Any CPU
		{1592C144-E7A1-45A0-BAE6-29C610A1136B}.Debug|Mixed Platforms.ActiveCfg = Debug|Any CPU
		{1592C144-E7A1-45A0-BAE6-29C610A1136B}.Debug|Mixed Platforms.Build.0 = Debug|Any CPU
		{1592C144-E7A1-45A0-BAE6-29C610A1136B}.Debug|x86.ActiveCfg = Debug|Any CPU
		{1592C144-E7A1-45A0-BAE6-29C610A1136B}.Release|Any CPU.ActiveCfg = Release|Any CPU
		{1592C144-E7A1-45A0-BAE6-29C610A1136B}.Release|Any CPU.Build.0 = Release|Any CPU
		{1592C144-E7A1-45A0-BAE6-29C610A1136B}.Release|Mixed Platforms.ActiveCfg = Release|Any CPU
		{1592C144-E7A1-45A0-BAE6-29C610A1136B}.Release|Mixed Platforms.Build.0 = Release|Any CPU
		{1592C144-E7A1-45A0-BAE6-29C610A1136B}.Release|x86.ActiveCfg = Release|Any CPU
		{25A90C15-D68F-411F-A559-87FFAE782785}.Debug|Any CPU.ActiveCfg = Debug|x86
		{25A90C15-D68F-411F-A559-87FFAE782785}.Debug|Mixed Platforms.ActiveCfg = Debug|x86
		{25A90C15-D68F-411F-A559-87FFAE782785}.Debug|Mixed Platforms.Build.0 = Debug|x86
		{25A90C15-D68F-411F-A559-87FFAE782785}.Debug|x86.ActiveCfg = Debug|x86
		{25A90C15-D68F-411F-A559-87FFAE782785}.Debug|x86.Build.0 = Debug|x86
		{25A90C15-D68F-411F-A559-87FFAE782785}.Release|Any CPU.ActiveCfg = Release|x86
		{25A90C15-D68F-411F-A559-87FFAE782785}.Release|Mixed Platforms.ActiveCfg = Release|x86
		{25A90C15-D68F-411F-A559-87FFAE782785}.Release|Mixed Platforms.Build.0 = Release|x86
		{25A90C15-D68F-411F-A559-87FFAE782785}.Release|x86.ActiveCfg = Release|x86
		{25A90C15-D68F-411F-A559-87FFAE782785}.Release|x86.Build.0 = Release|x86
	EndGlobalSection
	GlobalSection(SolutionProperties) = preSolution
		HideSolutionNode = FALSE
	EndGlobalSection
EndGlobal
